
Microsoft Visual Studio Solution File, Format Version 12.00
# Visual Studio 15
VisualStudioVersion = 15.0.26730.12
MinimumVisualStudioVersion = 10.0.40219.1
Project("{2150E333-8FDC-42A3-9474-1A3956D46DE8}") = "WEB", "WEB", "{E10884A0-7BE4-419F-9CA9-E74196E1C027}"
EndProject
Project("{9A19103F-16F7-4668-BE54-9A1E7A4F7556}") = "Abiomed.WirelessRemoteLink", "Abiomed.WirelessRemoteLink\Abiomed.WirelessRemoteLink.csproj", "{AC4F8210-CE79-4DEE-A3BE-54C87460F1A8}"
EndProject
Project("{9A19103F-16F7-4668-BE54-9A1E7A4F7556}") = "Abiomed.DotNetCore.Storage", "Abiomed.DotNetCore.Storage\Abiomed.DotNetCore.Storage.csproj", "{8A271B05-D318-485C-A148-EEF85369C6E7}"
EndProject
Project("{9A19103F-16F7-4668-BE54-9A1E7A4F7556}") = "Abiomed.DotNetCore.Business", "Abiomed.DotNetCore.Business\Abiomed.DotNetCore.Business.csproj", "{39E2F873-B4EE-4914-9560-3557AD539385}"
EndProject
Project("{9A19103F-16F7-4668-BE54-9A1E7A4F7556}") = "Abiomed.DotNetCore.Mail", "Abiomed.DotNetCore.Mail\Abiomed.DotNetCore.Mail.csproj", "{BC98BAC8-16DC-4FF7-9452-184A52321521}"
EndProject
Project("{9A19103F-16F7-4668-BE54-9A1E7A4F7556}") = "Abiomed.DotNetCore.MessagePump", "Abiomed.DotNetCore.MessagePump\Abiomed.DotNetCore.MessagePump.csproj", "{5C900FEB-D053-4E47-8C6E-584AC5BC442B}"
EndProject
Project("{9A19103F-16F7-4668-BE54-9A1E7A4F7556}") = "Abiomed.DotNetCore.Test.EmailSendConsole", "Abiomed.DotNetCore.Test.EmailSendConsole\Abiomed.DotNetCore.Test.EmailSendConsole.csproj", "{8190E5EE-2A3E-40C6-B5AE-2636171C3B4A}"
EndProject
Project("{9A19103F-16F7-4668-BE54-9A1E7A4F7556}") = "Abiomed.DotNetCore.MailQueueService", "Abiomed.DotNetCore.MailQueueService\Abiomed.DotNetCore.MailQueueService.csproj", "{375DE557-3226-4B88-8663-C65AC187BE61}"
EndProject
Project("{9A19103F-16F7-4668-BE54-9A1E7A4F7556}") = "Abiomed.RLR", "Abiomed.RLR\Abiomed.RLR.csproj", "{9FBF5978-4077-417D-9F27-1952785C1349}"
EndProject
Project("{9A19103F-16F7-4668-BE54-9A1E7A4F7556}") = "Abiomed.DotNetCore.Models", "Abiomed.DotNetCore.Models\Abiomed.DotNetCore.Models.csproj", "{517D46D8-C323-4384-B795-516A9E9428DD}"
EndProject
Project("{9A19103F-16F7-4668-BE54-9A1E7A4F7556}") = "Abiomed.DotNetCore.Repository", "Abiomed.DotNetCore.Repository\Abiomed.DotNetCore.Repository.csproj", "{DB68F638-FDD0-4728-BD24-E3661DD41266}"
EndProject
Project("{9A19103F-16F7-4668-BE54-9A1E7A4F7556}") = "Abiomed.DotNetCore.FactoryData.Loader", "Abiomed.DotNetCore.FactoryData.Loader\Abiomed.DotNetCore.FactoryData.Loader.csproj", "{DF01A58C-2664-4E0B-8D8A-BE4F17B32802}"
EndProject
Project("{9A19103F-16F7-4668-BE54-9A1E7A4F7556}") = "Abiomed.DotNetCore.Configuration", "Abiomed.DotNetCore.Configuration\Abiomed.DotNetCore.Configuration.csproj", "{E0A280B4-4F53-409E-9990-6E47D102F537}"
EndProject
Project("{2150E333-8FDC-42A3-9474-1A3956D46DE8}") = "Applications", "Applications", "{C58D360A-640B-462A-BBA5-59173B9D7631}"
EndProject
Project("{2150E333-8FDC-42A3-9474-1A3956D46DE8}") = "Console", "Console", "{1D5A1E0A-448C-46C6-8436-F18711745DE4}"
EndProject
Project("{2150E333-8FDC-42A3-9474-1A3956D46DE8}") = "Test", "Test", "{AA028BFB-AA99-4EAA-9E70-7A86825D4549}"
EndProject
Project("{9A19103F-16F7-4668-BE54-9A1E7A4F7556}") = "Abiomed.DotNetCore.ServiceBus", "Abiomed.DotNetCore.ServiceBus\Abiomed.DotNetCore.ServiceBus.csproj", "{D0053066-F0B7-48C0-8155-7B65C53FAB35}"
EndProject
Project("{9A19103F-16F7-4668-BE54-9A1E7A4F7556}") = "Abiomed.DotNetCore.OCRService", "Abiomed.DotNetCore.OCRService\Abiomed.DotNetCore.OCRService.csproj", "{7F0A775E-1EAC-42E8-BEBE-5DF3D586992C}"
EndProject
Project("{9A19103F-16F7-4668-BE54-9A1E7A4F7556}") = "Abiomed.DotNetCore.Common", "Abiomed.DotNetCore.Common\Abiomed.DotNetCore.Common.csproj", "{E693B123-DDDB-4A6A-ACE1-BBAB334FCF3F}"
EndProject
Global
	GlobalSection(SolutionConfigurationPlatforms) = preSolution
		Debug|Any CPU = Debug|Any CPU
		Release|Any CPU = Release|Any CPU
	EndGlobalSection
	GlobalSection(ProjectConfigurationPlatforms) = postSolution
		{AC4F8210-CE79-4DEE-A3BE-54C87460F1A8}.Debug|Any CPU.ActiveCfg = Debug|Any CPU
		{AC4F8210-CE79-4DEE-A3BE-54C87460F1A8}.Debug|Any CPU.Build.0 = Debug|Any CPU
		{AC4F8210-CE79-4DEE-A3BE-54C87460F1A8}.Release|Any CPU.ActiveCfg = Release|Any CPU
		{AC4F8210-CE79-4DEE-A3BE-54C87460F1A8}.Release|Any CPU.Build.0 = Release|Any CPU
		{8A271B05-D318-485C-A148-EEF85369C6E7}.Debug|Any CPU.ActiveCfg = Debug|Any CPU
		{8A271B05-D318-485C-A148-EEF85369C6E7}.Debug|Any CPU.Build.0 = Debug|Any CPU
		{8A271B05-D318-485C-A148-EEF85369C6E7}.Release|Any CPU.ActiveCfg = Release|Any CPU
		{8A271B05-D318-485C-A148-EEF85369C6E7}.Release|Any CPU.Build.0 = Release|Any CPU
		{39E2F873-B4EE-4914-9560-3557AD539385}.Debug|Any CPU.ActiveCfg = Debug|Any CPU
		{39E2F873-B4EE-4914-9560-3557AD539385}.Debug|Any CPU.Build.0 = Debug|Any CPU
		{39E2F873-B4EE-4914-9560-3557AD539385}.Release|Any CPU.ActiveCfg = Release|Any CPU
		{39E2F873-B4EE-4914-9560-3557AD539385}.Release|Any CPU.Build.0 = Release|Any CPU
		{BC98BAC8-16DC-4FF7-9452-184A52321521}.Debug|Any CPU.ActiveCfg = Debug|Any CPU
		{BC98BAC8-16DC-4FF7-9452-184A52321521}.Debug|Any CPU.Build.0 = Debug|Any CPU
		{BC98BAC8-16DC-4FF7-9452-184A52321521}.Release|Any CPU.ActiveCfg = Release|Any CPU
		{BC98BAC8-16DC-4FF7-9452-184A52321521}.Release|Any CPU.Build.0 = Release|Any CPU
		{5C900FEB-D053-4E47-8C6E-584AC5BC442B}.Debug|Any CPU.ActiveCfg = Debug|Any CPU
		{5C900FEB-D053-4E47-8C6E-584AC5BC442B}.Debug|Any CPU.Build.0 = Debug|Any CPU
		{5C900FEB-D053-4E47-8C6E-584AC5BC442B}.Release|Any CPU.ActiveCfg = Release|Any CPU
		{5C900FEB-D053-4E47-8C6E-584AC5BC442B}.Release|Any CPU.Build.0 = Release|Any CPU
		{8190E5EE-2A3E-40C6-B5AE-2636171C3B4A}.Debug|Any CPU.ActiveCfg = Debug|Any CPU
		{8190E5EE-2A3E-40C6-B5AE-2636171C3B4A}.Debug|Any CPU.Build.0 = Debug|Any CPU
		{8190E5EE-2A3E-40C6-B5AE-2636171C3B4A}.Release|Any CPU.ActiveCfg = Release|Any CPU
		{8190E5EE-2A3E-40C6-B5AE-2636171C3B4A}.Release|Any CPU.Build.0 = Release|Any CPU
		{375DE557-3226-4B88-8663-C65AC187BE61}.Debug|Any CPU.ActiveCfg = Debug|Any CPU
		{375DE557-3226-4B88-8663-C65AC187BE61}.Debug|Any CPU.Build.0 = Debug|Any CPU
		{375DE557-3226-4B88-8663-C65AC187BE61}.Release|Any CPU.ActiveCfg = Release|Any CPU
		{375DE557-3226-4B88-8663-C65AC187BE61}.Release|Any CPU.Build.0 = Release|Any CPU
		{9FBF5978-4077-417D-9F27-1952785C1349}.Debug|Any CPU.ActiveCfg = Debug|Any CPU
		{9FBF5978-4077-417D-9F27-1952785C1349}.Debug|Any CPU.Build.0 = Debug|Any CPU
		{9FBF5978-4077-417D-9F27-1952785C1349}.Release|Any CPU.ActiveCfg = Release|Any CPU
		{9FBF5978-4077-417D-9F27-1952785C1349}.Release|Any CPU.Build.0 = Release|Any CPU
		{517D46D8-C323-4384-B795-516A9E9428DD}.Debug|Any CPU.ActiveCfg = Debug|Any CPU
		{517D46D8-C323-4384-B795-516A9E9428DD}.Debug|Any CPU.Build.0 = Debug|Any CPU
		{517D46D8-C323-4384-B795-516A9E9428DD}.Release|Any CPU.ActiveCfg = Release|Any CPU
		{517D46D8-C323-4384-B795-516A9E9428DD}.Release|Any CPU.Build.0 = Release|Any CPU
		{DB68F638-FDD0-4728-BD24-E3661DD41266}.Debug|Any CPU.ActiveCfg = Debug|Any CPU
		{DB68F638-FDD0-4728-BD24-E3661DD41266}.Debug|Any CPU.Build.0 = Debug|Any CPU
		{DB68F638-FDD0-4728-BD24-E3661DD41266}.Release|Any CPU.ActiveCfg = Release|Any CPU
		{DB68F638-FDD0-4728-BD24-E3661DD41266}.Release|Any CPU.Build.0 = Release|Any CPU
		{DF01A58C-2664-4E0B-8D8A-BE4F17B32802}.Debug|Any CPU.ActiveCfg = Debug|Any CPU
		{DF01A58C-2664-4E0B-8D8A-BE4F17B32802}.Debug|Any CPU.Build.0 = Debug|Any CPU
		{DF01A58C-2664-4E0B-8D8A-BE4F17B32802}.Release|Any CPU.ActiveCfg = Release|Any CPU
		{DF01A58C-2664-4E0B-8D8A-BE4F17B32802}.Release|Any CPU.Build.0 = Release|Any CPU
		{E0A280B4-4F53-409E-9990-6E47D102F537}.Debug|Any CPU.ActiveCfg = Debug|Any CPU
		{E0A280B4-4F53-409E-9990-6E47D102F537}.Debug|Any CPU.Build.0 = Debug|Any CPU
		{E0A280B4-4F53-409E-9990-6E47D102F537}.Release|Any CPU.ActiveCfg = Release|Any CPU
		{E0A280B4-4F53-409E-9990-6E47D102F537}.Release|Any CPU.Build.0 = Release|Any CPU
		{D0053066-F0B7-48C0-8155-7B65C53FAB35}.Debug|Any CPU.ActiveCfg = Debug|Any CPU
		{D0053066-F0B7-48C0-8155-7B65C53FAB35}.Debug|Any CPU.Build.0 = Debug|Any CPU
		{D0053066-F0B7-48C0-8155-7B65C53FAB35}.Release|Any CPU.ActiveCfg = Release|Any CPU
		{D0053066-F0B7-48C0-8155-7B65C53FAB35}.Release|Any CPU.Build.0 = Release|Any CPU
		{7F0A775E-1EAC-42E8-BEBE-5DF3D586992C}.Debug|Any CPU.ActiveCfg = Debug|Any CPU
		{7F0A775E-1EAC-42E8-BEBE-5DF3D586992C}.Debug|Any CPU.Build.0 = Debug|Any CPU
		{7F0A775E-1EAC-42E8-BEBE-5DF3D586992C}.Release|Any CPU.ActiveCfg = Release|Any CPU
		{7F0A775E-1EAC-42E8-BEBE-5DF3D586992C}.Release|Any CPU.Build.0 = Release|Any CPU
		{E693B123-DDDB-4A6A-ACE1-BBAB334FCF3F}.Debug|Any CPU.ActiveCfg = Debug|Any CPU
		{E693B123-DDDB-4A6A-ACE1-BBAB334FCF3F}.Debug|Any CPU.Build.0 = Debug|Any CPU
		{E693B123-DDDB-4A6A-ACE1-BBAB334FCF3F}.Release|Any CPU.ActiveCfg = Release|Any CPU
		{E693B123-DDDB-4A6A-ACE1-BBAB334FCF3F}.Release|Any CPU.Build.0 = Release|Any CPU
	EndGlobalSection
	GlobalSection(SolutionProperties) = preSolution
		HideSolutionNode = FALSE
	EndGlobalSection
	GlobalSection(NestedProjects) = preSolution
		{E10884A0-7BE4-419F-9CA9-E74196E1C027} = {C58D360A-640B-462A-BBA5-59173B9D7631}
		{AC4F8210-CE79-4DEE-A3BE-54C87460F1A8} = {E10884A0-7BE4-419F-9CA9-E74196E1C027}
		{5C900FEB-D053-4E47-8C6E-584AC5BC442B} = {1D5A1E0A-448C-46C6-8436-F18711745DE4}
		{8190E5EE-2A3E-40C6-B5AE-2636171C3B4A} = {AA028BFB-AA99-4EAA-9E70-7A86825D4549}
		{375DE557-3226-4B88-8663-C65AC187BE61} = {1D5A1E0A-448C-46C6-8436-F18711745DE4}
		{9FBF5978-4077-417D-9F27-1952785C1349} = {1D5A1E0A-448C-46C6-8436-F18711745DE4}
		{DF01A58C-2664-4E0B-8D8A-BE4F17B32802} = {1D5A1E0A-448C-46C6-8436-F18711745DE4}
		{1D5A1E0A-448C-46C6-8436-F18711745DE4} = {C58D360A-640B-462A-BBA5-59173B9D7631}
		{AA028BFB-AA99-4EAA-9E70-7A86825D4549} = {1D5A1E0A-448C-46C6-8436-F18711745DE4}
		{7F0A775E-1EAC-42E8-BEBE-5DF3D586992C} = {1D5A1E0A-448C-46C6-8436-F18711745DE4}
	EndGlobalSection
	GlobalSection(ExtensibilityGlobals) = postSolution
		EnterpriseLibraryConfigurationToolBinariesPathV6 = packages\EnterpriseLibrary.TransientFaultHandling.6.0.1304.0\lib\portable-net45+win+wp8
		SolutionGuid = {BDF4D57B-4BE2-45F3-A9AA-995C3FBBACF9}
	EndGlobalSection
EndGlobal
