
Microsoft Visual Studio Solution File, Format Version 12.00
# Visual Studio 15
VisualStudioVersion = 15.0.26730.12
MinimumVisualStudioVersion = 10.0.40219.1
Project("{FAE04EC0-301F-11D3-BF4B-00C04F79EFBC}") = "Abiomed.Console", "Abiomed.Console\Abiomed.Console.csproj", "{D423B70D-EFFE-4663-8C51-E5FD5A1FF5F9}"
EndProject
Project("{FAE04EC0-301F-11D3-BF4B-00C04F79EFBC}") = "Abiomed.RLR.Communications", "Abiomed.CSR.Communications\Abiomed.RLR.Communications.csproj", "{28B0E1D3-612E-4EC5-803D-69ADC2D6A07E}"
EndProject
Project("{FAE04EC0-301F-11D3-BF4B-00C04F79EFBC}") = "Abiomed.Models", "Abiomed.Models\Abiomed.Models.csproj", "{D3662849-0B27-4D08-BFF6-7F1537BCF015}"
EndProject
Project("{FAE04EC0-301F-11D3-BF4B-00C04F79EFBC}") = "Abiomed.Business", "Abiomed.Business\Abiomed.Business.csproj", "{3BA379F9-7E33-4BE6-922C-64B9BE509C12}"
EndProject
Project("{FAE04EC0-301F-11D3-BF4B-00C04F79EFBC}") = "Abiomed.DependencyInjection", "Abiomed.DependencyInjection\Abiomed.DependencyInjection.csproj", "{4BA088F2-D6F0-4632-8A7F-87D6687CFEF0}"
EndProject
Project("{FAE04EC0-301F-11D3-BF4B-00C04F79EFBC}") = "Abiomed.Repository", "Abiomed.Repository\Abiomed.Repository.csproj", "{133ECB86-A3DA-4636-9641-B10B6C8B2431}"
EndProject
Project("{FAE04EC0-301F-11D3-BF4B-00C04F79EFBC}") = "Abiomed.Web", "Abiomed.Web\Abiomed.Web.csproj", "{102846B6-3F10-4784-9F21-4F174F135A6A}"
EndProject
Project("{FAE04EC0-301F-11D3-BF4B-00C04F79EFBC}") = "Abiomed.Communications.Service", "Abiomed.Communications.Service\Abiomed.Communications.Service.csproj", "{063F3003-01E7-446A-969A-062AEE5F4F83}"
EndProject
Project("{2150E333-8FDC-42A3-9474-1A3956D46DE8}") = "WEB", "WEB", "{E10884A0-7BE4-419F-9CA9-E74196E1C027}"
EndProject
Project("{2150E333-8FDC-42A3-9474-1A3956D46DE8}") = "Communications", "Communications", "{EE3D7FCB-A9FA-4C96-A0E1-BCE5F139B4AA}"
EndProject
Project("{FAE04EC0-301F-11D3-BF4B-00C04F79EFBC}") = "Abiomed.SignalRSelfHost", "SignalRSelfHost\Abiomed.SignalRSelfHost.csproj", "{EA91F5D0-2C07-48D1-B8A3-204A66BD72C4}"
EndProject
Project("{FAE04EC0-301F-11D3-BF4B-00C04F79EFBC}") = "Abiomed.Storage", "Abiomed.Storage\Abiomed.Storage.csproj", "{3C003571-93B7-46A4-8219-A8ED3DB97272}"
EndProject
Project("{FAE04EC0-301F-11D3-BF4B-00C04F79EFBC}") = "Abiomed.Common", "Abiomed.Common\Abiomed.Common.csproj", "{848AB2FE-8913-4CE8-8EAF-B6E58A608AF5}"
EndProject
Project("{9A19103F-16F7-4668-BE54-9A1E7A4F7556}") = "Abiomed.WirelessRemoteLink", "Abiomed.WirelessRemoteLink\Abiomed.WirelessRemoteLink.csproj", "{AC4F8210-CE79-4DEE-A3BE-54C87460F1A8}"
EndProject
Project("{FAE04EC0-301F-11D3-BF4B-00C04F79EFBC}") = "Abiomed.FactoryData.Console", "Abiomed.FactoryData.Console\Abiomed.FactoryData.Console.csproj", "{7F8B19A6-E87C-4BA9-A9B2-94E3F6FE8CAD}"
EndProject
Project("{FAE04EC0-301F-11D3-BF4B-00C04F79EFBC}") = "Abiomed.FactoryData.Business", "Abiomed.FactoryData.Business\Abiomed.FactoryData.Business.csproj", "{439DED23-6393-4534-9E98-88DBC256048A}"
EndProject
Project("{FAE04EC0-301F-11D3-BF4B-00C04F79EFBC}") = "Abiomed.Configuration", "Configuration\Abiomed.Configuration.csproj", "{E28F5858-E58D-47DC-B3DF-8FD6D6D69FE8}"
EndProject
Project("{9A19103F-16F7-4668-BE54-9A1E7A4F7556}") = "Abiomed.DotNetCore.Storage", "Abiomed.AzureStorage\Abiomed.DotNetCore.Storage.csproj", "{8A271B05-D318-485C-A148-EEF85369C6E7}"
EndProject
Project("{9A19103F-16F7-4668-BE54-9A1E7A4F7556}") = "Abiomed.DotNetCore.Business", "Abiomed.DotNetCore.Business\Abiomed.DotNetCore.Business.csproj", "{39E2F873-B4EE-4914-9560-3557AD539385}"
EndProject
Project("{9A19103F-16F7-4668-BE54-9A1E7A4F7556}") = "Abiomed.DotNetCore.Mail", "Abiomed.DotNetCore.Mail\Abiomed.DotNetCore.Mail.csproj", "{BC98BAC8-16DC-4FF7-9452-184A52321521}"
EndProject
Project("{9A19103F-16F7-4668-BE54-9A1E7A4F7556}") = "Abiomed.DotNetCore.Communication", "Abiomed.DotNetCore.Communication\Abiomed.DotNetCore.Communication.csproj", "{663D30F2-DFE1-4804-B344-73C32A3BDF2B}"
EndProject
Project("{9A19103F-16F7-4668-BE54-9A1E7A4F7556}") = "Abiomed.DotNetCore.MessagePump", "Abiomed.DotNetCore.MessagePump\Abiomed.DotNetCore.MessagePump.csproj", "{5C900FEB-D053-4E47-8C6E-584AC5BC442B}"
EndProject
Project("{9A19103F-16F7-4668-BE54-9A1E7A4F7556}") = "Abiomed.DotNetCore.Test.EmailSendConsole", "Abiomed.DotNetCore.Test.EmailSendConsole\Abiomed.DotNetCore.Test.EmailSendConsole.csproj", "{8190E5EE-2A3E-40C6-B5AE-2636171C3B4A}"
EndProject
Project("{9A19103F-16F7-4668-BE54-9A1E7A4F7556}") = "Abiomed.DotNetCore.MailQueueService", "Abiomed.DotNetCore.MailQueueService\Abiomed.DotNetCore.MailQueueService.csproj", "{375DE557-3226-4B88-8663-C65AC187BE61}"
EndProject
Project("{9A19103F-16F7-4668-BE54-9A1E7A4F7556}") = "Abiomed.DotNetCore.RLR.Communications", "Abiomed.DotNetCore.RLR.Communications\Abiomed.DotNetCore.RLR.Communications.csproj", "{98CBC798-7FB7-4240-BFDC-A7CD7CE8E9FF}"
EndProject
Project("{9A19103F-16F7-4668-BE54-9A1E7A4F7556}") = "Abiomed.RLR", "Abiomed.Start\Abiomed.RLR.csproj", "{9FBF5978-4077-417D-9F27-1952785C1349}"
EndProject
Project("{9A19103F-16F7-4668-BE54-9A1E7A4F7556}") = "Abiomed.DotNetCore.DependencyInjection", "Abiomed.DotNetCore.DependencyInjection\Abiomed.DotNetCore.DependencyInjection.csproj", "{A2721302-68A3-4716-866C-92E7FE58CA29}"
EndProject
Project("{9A19103F-16F7-4668-BE54-9A1E7A4F7556}") = "Abiomed.DotNetCore.Models", "Abiomed.DotNetCore.Models\Abiomed.DotNetCore.Models.csproj", "{517D46D8-C323-4384-B795-516A9E9428DD}"
EndProject
Project("{2150E333-8FDC-42A3-9474-1A3956D46DE8}") = "Old", "Old", "{81E09CBF-8005-433A-A7AB-3AFFFB580D0B}"
EndProject
Project("{9A19103F-16F7-4668-BE54-9A1E7A4F7556}") = "Abiomed.DotNetCore.Repository", "Abiomed.DotNetCore.Repository\Abiomed.DotNetCore.Repository.csproj", "{DB68F638-FDD0-4728-BD24-E3661DD41266}"
EndProject
Project("{9A19103F-16F7-4668-BE54-9A1E7A4F7556}") = "Abiomed.DotNetCore.Common", "Abiomed.DotNetCore.Common\Abiomed.DotNetCore.Common.csproj", "{6B98834A-557F-417C-9109-667515964466}"
EndProject
Project("{FAE04EC0-301F-11D3-BF4B-00C04F79EFBC}") = "Abiomed.DotNetCore.FactoryData.Loader", "Abiomed.DotNetCore.FactoryData.Loader\Abiomed.DotNetCore.FactoryData.Loader.csproj", "{DF01A58C-2664-4E0B-8D8A-BE4F17B32802}"
EndProject
Global
	GlobalSection(SolutionConfigurationPlatforms) = preSolution
		Debug|Any CPU = Debug|Any CPU
		Release|Any CPU = Release|Any CPU
	EndGlobalSection
	GlobalSection(ProjectConfigurationPlatforms) = postSolution
		{D423B70D-EFFE-4663-8C51-E5FD5A1FF5F9}.Debug|Any CPU.ActiveCfg = Debug|Any CPU
		{D423B70D-EFFE-4663-8C51-E5FD5A1FF5F9}.Debug|Any CPU.Build.0 = Debug|Any CPU
		{D423B70D-EFFE-4663-8C51-E5FD5A1FF5F9}.Release|Any CPU.ActiveCfg = Release|Any CPU
		{D423B70D-EFFE-4663-8C51-E5FD5A1FF5F9}.Release|Any CPU.Build.0 = Release|Any CPU
		{28B0E1D3-612E-4EC5-803D-69ADC2D6A07E}.Debug|Any CPU.ActiveCfg = Debug|Any CPU
		{28B0E1D3-612E-4EC5-803D-69ADC2D6A07E}.Debug|Any CPU.Build.0 = Debug|Any CPU
		{28B0E1D3-612E-4EC5-803D-69ADC2D6A07E}.Release|Any CPU.ActiveCfg = Release|Any CPU
		{28B0E1D3-612E-4EC5-803D-69ADC2D6A07E}.Release|Any CPU.Build.0 = Release|Any CPU
		{D3662849-0B27-4D08-BFF6-7F1537BCF015}.Debug|Any CPU.ActiveCfg = Debug|Any CPU
		{D3662849-0B27-4D08-BFF6-7F1537BCF015}.Debug|Any CPU.Build.0 = Debug|Any CPU
		{D3662849-0B27-4D08-BFF6-7F1537BCF015}.Release|Any CPU.ActiveCfg = Release|Any CPU
		{D3662849-0B27-4D08-BFF6-7F1537BCF015}.Release|Any CPU.Build.0 = Release|Any CPU
		{3BA379F9-7E33-4BE6-922C-64B9BE509C12}.Debug|Any CPU.ActiveCfg = Debug|Any CPU
		{3BA379F9-7E33-4BE6-922C-64B9BE509C12}.Debug|Any CPU.Build.0 = Debug|Any CPU
		{3BA379F9-7E33-4BE6-922C-64B9BE509C12}.Release|Any CPU.ActiveCfg = Release|Any CPU
		{3BA379F9-7E33-4BE6-922C-64B9BE509C12}.Release|Any CPU.Build.0 = Release|Any CPU
		{4BA088F2-D6F0-4632-8A7F-87D6687CFEF0}.Debug|Any CPU.ActiveCfg = Debug|Any CPU
		{4BA088F2-D6F0-4632-8A7F-87D6687CFEF0}.Debug|Any CPU.Build.0 = Debug|Any CPU
		{4BA088F2-D6F0-4632-8A7F-87D6687CFEF0}.Release|Any CPU.ActiveCfg = Release|Any CPU
		{4BA088F2-D6F0-4632-8A7F-87D6687CFEF0}.Release|Any CPU.Build.0 = Release|Any CPU
		{133ECB86-A3DA-4636-9641-B10B6C8B2431}.Debug|Any CPU.ActiveCfg = Debug|Any CPU
		{133ECB86-A3DA-4636-9641-B10B6C8B2431}.Debug|Any CPU.Build.0 = Debug|Any CPU
		{133ECB86-A3DA-4636-9641-B10B6C8B2431}.Release|Any CPU.ActiveCfg = Release|Any CPU
		{133ECB86-A3DA-4636-9641-B10B6C8B2431}.Release|Any CPU.Build.0 = Release|Any CPU
		{102846B6-3F10-4784-9F21-4F174F135A6A}.Debug|Any CPU.ActiveCfg = Debug|Any CPU
		{102846B6-3F10-4784-9F21-4F174F135A6A}.Debug|Any CPU.Build.0 = Debug|Any CPU
		{102846B6-3F10-4784-9F21-4F174F135A6A}.Release|Any CPU.ActiveCfg = Release|Any CPU
		{102846B6-3F10-4784-9F21-4F174F135A6A}.Release|Any CPU.Build.0 = Release|Any CPU
		{063F3003-01E7-446A-969A-062AEE5F4F83}.Debug|Any CPU.ActiveCfg = Debug|Any CPU
		{063F3003-01E7-446A-969A-062AEE5F4F83}.Debug|Any CPU.Build.0 = Debug|Any CPU
		{063F3003-01E7-446A-969A-062AEE5F4F83}.Release|Any CPU.ActiveCfg = Release|Any CPU
		{063F3003-01E7-446A-969A-062AEE5F4F83}.Release|Any CPU.Build.0 = Release|Any CPU
		{EA91F5D0-2C07-48D1-B8A3-204A66BD72C4}.Debug|Any CPU.ActiveCfg = Debug|Any CPU
		{EA91F5D0-2C07-48D1-B8A3-204A66BD72C4}.Debug|Any CPU.Build.0 = Debug|Any CPU
		{EA91F5D0-2C07-48D1-B8A3-204A66BD72C4}.Release|Any CPU.ActiveCfg = Release|Any CPU
		{EA91F5D0-2C07-48D1-B8A3-204A66BD72C4}.Release|Any CPU.Build.0 = Release|Any CPU
		{3C003571-93B7-46A4-8219-A8ED3DB97272}.Debug|Any CPU.ActiveCfg = Debug|Any CPU
		{3C003571-93B7-46A4-8219-A8ED3DB97272}.Debug|Any CPU.Build.0 = Debug|Any CPU
		{3C003571-93B7-46A4-8219-A8ED3DB97272}.Release|Any CPU.ActiveCfg = Release|Any CPU
		{3C003571-93B7-46A4-8219-A8ED3DB97272}.Release|Any CPU.Build.0 = Release|Any CPU
		{848AB2FE-8913-4CE8-8EAF-B6E58A608AF5}.Debug|Any CPU.ActiveCfg = Debug|Any CPU
		{848AB2FE-8913-4CE8-8EAF-B6E58A608AF5}.Debug|Any CPU.Build.0 = Debug|Any CPU
		{848AB2FE-8913-4CE8-8EAF-B6E58A608AF5}.Release|Any CPU.ActiveCfg = Release|Any CPU
		{848AB2FE-8913-4CE8-8EAF-B6E58A608AF5}.Release|Any CPU.Build.0 = Release|Any CPU
		{AC4F8210-CE79-4DEE-A3BE-54C87460F1A8}.Debug|Any CPU.ActiveCfg = Debug|Any CPU
		{AC4F8210-CE79-4DEE-A3BE-54C87460F1A8}.Debug|Any CPU.Build.0 = Debug|Any CPU
		{AC4F8210-CE79-4DEE-A3BE-54C87460F1A8}.Release|Any CPU.ActiveCfg = Release|Any CPU
		{AC4F8210-CE79-4DEE-A3BE-54C87460F1A8}.Release|Any CPU.Build.0 = Release|Any CPU
		{7F8B19A6-E87C-4BA9-A9B2-94E3F6FE8CAD}.Debug|Any CPU.ActiveCfg = Debug|Any CPU
		{7F8B19A6-E87C-4BA9-A9B2-94E3F6FE8CAD}.Debug|Any CPU.Build.0 = Debug|Any CPU
		{7F8B19A6-E87C-4BA9-A9B2-94E3F6FE8CAD}.Release|Any CPU.ActiveCfg = Release|Any CPU
		{7F8B19A6-E87C-4BA9-A9B2-94E3F6FE8CAD}.Release|Any CPU.Build.0 = Release|Any CPU
		{439DED23-6393-4534-9E98-88DBC256048A}.Debug|Any CPU.ActiveCfg = Debug|Any CPU
		{439DED23-6393-4534-9E98-88DBC256048A}.Debug|Any CPU.Build.0 = Debug|Any CPU
		{439DED23-6393-4534-9E98-88DBC256048A}.Release|Any CPU.ActiveCfg = Release|Any CPU
		{439DED23-6393-4534-9E98-88DBC256048A}.Release|Any CPU.Build.0 = Release|Any CPU
		{E28F5858-E58D-47DC-B3DF-8FD6D6D69FE8}.Debug|Any CPU.ActiveCfg = Debug|Any CPU
		{E28F5858-E58D-47DC-B3DF-8FD6D6D69FE8}.Debug|Any CPU.Build.0 = Debug|Any CPU
		{E28F5858-E58D-47DC-B3DF-8FD6D6D69FE8}.Release|Any CPU.ActiveCfg = Release|Any CPU
		{E28F5858-E58D-47DC-B3DF-8FD6D6D69FE8}.Release|Any CPU.Build.0 = Release|Any CPU
		{8A271B05-D318-485C-A148-EEF85369C6E7}.Debug|Any CPU.ActiveCfg = Debug|Any CPU
		{8A271B05-D318-485C-A148-EEF85369C6E7}.Debug|Any CPU.Build.0 = Debug|Any CPU
		{8A271B05-D318-485C-A148-EEF85369C6E7}.Release|Any CPU.ActiveCfg = Release|Any CPU
		{8A271B05-D318-485C-A148-EEF85369C6E7}.Release|Any CPU.Build.0 = Release|Any CPU
		{39E2F873-B4EE-4914-9560-3557AD539385}.Debug|Any CPU.ActiveCfg = Debug|Any CPU
		{39E2F873-B4EE-4914-9560-3557AD539385}.Debug|Any CPU.Build.0 = Debug|Any CPU
		{39E2F873-B4EE-4914-9560-3557AD539385}.Release|Any CPU.ActiveCfg = Release|Any CPU
		{39E2F873-B4EE-4914-9560-3557AD539385}.Release|Any CPU.Build.0 = Release|Any CPU
		{BC98BAC8-16DC-4FF7-9452-184A52321521}.Debug|Any CPU.ActiveCfg = Debug|Any CPU
		{BC98BAC8-16DC-4FF7-9452-184A52321521}.Debug|Any CPU.Build.0 = Debug|Any CPU
		{BC98BAC8-16DC-4FF7-9452-184A52321521}.Release|Any CPU.ActiveCfg = Release|Any CPU
		{BC98BAC8-16DC-4FF7-9452-184A52321521}.Release|Any CPU.Build.0 = Release|Any CPU
		{663D30F2-DFE1-4804-B344-73C32A3BDF2B}.Debug|Any CPU.ActiveCfg = Debug|Any CPU
		{663D30F2-DFE1-4804-B344-73C32A3BDF2B}.Debug|Any CPU.Build.0 = Debug|Any CPU
		{663D30F2-DFE1-4804-B344-73C32A3BDF2B}.Release|Any CPU.ActiveCfg = Release|Any CPU
		{663D30F2-DFE1-4804-B344-73C32A3BDF2B}.Release|Any CPU.Build.0 = Release|Any CPU
		{5C900FEB-D053-4E47-8C6E-584AC5BC442B}.Debug|Any CPU.ActiveCfg = Debug|Any CPU
		{5C900FEB-D053-4E47-8C6E-584AC5BC442B}.Debug|Any CPU.Build.0 = Debug|Any CPU
		{5C900FEB-D053-4E47-8C6E-584AC5BC442B}.Release|Any CPU.ActiveCfg = Release|Any CPU
		{5C900FEB-D053-4E47-8C6E-584AC5BC442B}.Release|Any CPU.Build.0 = Release|Any CPU
		{8190E5EE-2A3E-40C6-B5AE-2636171C3B4A}.Debug|Any CPU.ActiveCfg = Debug|Any CPU
		{8190E5EE-2A3E-40C6-B5AE-2636171C3B4A}.Debug|Any CPU.Build.0 = Debug|Any CPU
		{8190E5EE-2A3E-40C6-B5AE-2636171C3B4A}.Release|Any CPU.ActiveCfg = Release|Any CPU
		{8190E5EE-2A3E-40C6-B5AE-2636171C3B4A}.Release|Any CPU.Build.0 = Release|Any CPU
		{375DE557-3226-4B88-8663-C65AC187BE61}.Debug|Any CPU.ActiveCfg = Debug|Any CPU
		{375DE557-3226-4B88-8663-C65AC187BE61}.Debug|Any CPU.Build.0 = Debug|Any CPU
		{375DE557-3226-4B88-8663-C65AC187BE61}.Release|Any CPU.ActiveCfg = Release|Any CPU
		{375DE557-3226-4B88-8663-C65AC187BE61}.Release|Any CPU.Build.0 = Release|Any CPU
		{98CBC798-7FB7-4240-BFDC-A7CD7CE8E9FF}.Debug|Any CPU.ActiveCfg = Debug|Any CPU
		{98CBC798-7FB7-4240-BFDC-A7CD7CE8E9FF}.Debug|Any CPU.Build.0 = Debug|Any CPU
		{98CBC798-7FB7-4240-BFDC-A7CD7CE8E9FF}.Release|Any CPU.ActiveCfg = Release|Any CPU
		{98CBC798-7FB7-4240-BFDC-A7CD7CE8E9FF}.Release|Any CPU.Build.0 = Release|Any CPU
		{9FBF5978-4077-417D-9F27-1952785C1349}.Debug|Any CPU.ActiveCfg = Debug|Any CPU
		{9FBF5978-4077-417D-9F27-1952785C1349}.Debug|Any CPU.Build.0 = Debug|Any CPU
		{9FBF5978-4077-417D-9F27-1952785C1349}.Release|Any CPU.ActiveCfg = Release|Any CPU
		{9FBF5978-4077-417D-9F27-1952785C1349}.Release|Any CPU.Build.0 = Release|Any CPU
		{A2721302-68A3-4716-866C-92E7FE58CA29}.Debug|Any CPU.ActiveCfg = Debug|Any CPU
		{A2721302-68A3-4716-866C-92E7FE58CA29}.Debug|Any CPU.Build.0 = Debug|Any CPU
		{A2721302-68A3-4716-866C-92E7FE58CA29}.Release|Any CPU.ActiveCfg = Release|Any CPU
		{A2721302-68A3-4716-866C-92E7FE58CA29}.Release|Any CPU.Build.0 = Release|Any CPU
		{517D46D8-C323-4384-B795-516A9E9428DD}.Debug|Any CPU.ActiveCfg = Debug|Any CPU
		{517D46D8-C323-4384-B795-516A9E9428DD}.Debug|Any CPU.Build.0 = Debug|Any CPU
		{517D46D8-C323-4384-B795-516A9E9428DD}.Release|Any CPU.ActiveCfg = Release|Any CPU
		{517D46D8-C323-4384-B795-516A9E9428DD}.Release|Any CPU.Build.0 = Release|Any CPU
		{DB68F638-FDD0-4728-BD24-E3661DD41266}.Debug|Any CPU.ActiveCfg = Debug|Any CPU
		{DB68F638-FDD0-4728-BD24-E3661DD41266}.Debug|Any CPU.Build.0 = Debug|Any CPU
		{DB68F638-FDD0-4728-BD24-E3661DD41266}.Release|Any CPU.ActiveCfg = Release|Any CPU
		{DB68F638-FDD0-4728-BD24-E3661DD41266}.Release|Any CPU.Build.0 = Release|Any CPU
		{6B98834A-557F-417C-9109-667515964466}.Debug|Any CPU.ActiveCfg = Debug|Any CPU
		{6B98834A-557F-417C-9109-667515964466}.Debug|Any CPU.Build.0 = Debug|Any CPU
		{6B98834A-557F-417C-9109-667515964466}.Release|Any CPU.ActiveCfg = Release|Any CPU
		{6B98834A-557F-417C-9109-667515964466}.Release|Any CPU.Build.0 = Release|Any CPU
		{DF01A58C-2664-4E0B-8D8A-BE4F17B32802}.Debug|Any CPU.ActiveCfg = Debug|Any CPU
		{DF01A58C-2664-4E0B-8D8A-BE4F17B32802}.Debug|Any CPU.Build.0 = Debug|Any CPU
		{DF01A58C-2664-4E0B-8D8A-BE4F17B32802}.Release|Any CPU.ActiveCfg = Release|Any CPU
		{DF01A58C-2664-4E0B-8D8A-BE4F17B32802}.Release|Any CPU.Build.0 = Release|Any CPU
	EndGlobalSection
	GlobalSection(SolutionProperties) = preSolution
		HideSolutionNode = FALSE
	EndGlobalSection
	GlobalSection(NestedProjects) = preSolution
		{D423B70D-EFFE-4663-8C51-E5FD5A1FF5F9} = {81E09CBF-8005-433A-A7AB-3AFFFB580D0B}
		{28B0E1D3-612E-4EC5-803D-69ADC2D6A07E} = {EE3D7FCB-A9FA-4C96-A0E1-BCE5F139B4AA}
		{D3662849-0B27-4D08-BFF6-7F1537BCF015} = {81E09CBF-8005-433A-A7AB-3AFFFB580D0B}
		{3BA379F9-7E33-4BE6-922C-64B9BE509C12} = {81E09CBF-8005-433A-A7AB-3AFFFB580D0B}
		{4BA088F2-D6F0-4632-8A7F-87D6687CFEF0} = {81E09CBF-8005-433A-A7AB-3AFFFB580D0B}
		{133ECB86-A3DA-4636-9641-B10B6C8B2431} = {81E09CBF-8005-433A-A7AB-3AFFFB580D0B}
		{102846B6-3F10-4784-9F21-4F174F135A6A} = {E10884A0-7BE4-419F-9CA9-E74196E1C027}
		{063F3003-01E7-446A-969A-062AEE5F4F83} = {EE3D7FCB-A9FA-4C96-A0E1-BCE5F139B4AA}
		{EA91F5D0-2C07-48D1-B8A3-204A66BD72C4} = {E10884A0-7BE4-419F-9CA9-E74196E1C027}
		{3C003571-93B7-46A4-8219-A8ED3DB97272} = {81E09CBF-8005-433A-A7AB-3AFFFB580D0B}
		{848AB2FE-8913-4CE8-8EAF-B6E58A608AF5} = {81E09CBF-8005-433A-A7AB-3AFFFB580D0B}
		{AC4F8210-CE79-4DEE-A3BE-54C87460F1A8} = {E10884A0-7BE4-419F-9CA9-E74196E1C027}
		{7F8B19A6-E87C-4BA9-A9B2-94E3F6FE8CAD} = {81E09CBF-8005-433A-A7AB-3AFFFB580D0B}
		{439DED23-6393-4534-9E98-88DBC256048A} = {81E09CBF-8005-433A-A7AB-3AFFFB580D0B}
		{E28F5858-E58D-47DC-B3DF-8FD6D6D69FE8} = {81E09CBF-8005-433A-A7AB-3AFFFB580D0B}
		{98CBC798-7FB7-4240-BFDC-A7CD7CE8E9FF} = {EE3D7FCB-A9FA-4C96-A0E1-BCE5F139B4AA}
	EndGlobalSection
	GlobalSection(ExtensibilityGlobals) = postSolution
		SolutionGuid = {BDF4D57B-4BE2-45F3-A9AA-995C3FBBACF9}
		EnterpriseLibraryConfigurationToolBinariesPathV6 = packages\EnterpriseLibrary.TransientFaultHandling.6.0.1304.0\lib\portable-net45+win+wp8
	EndGlobalSection
EndGlobal
