
Microsoft Visual Studio Solution File, Format Version 12.00
# Visual Studio 15
VisualStudioVersion = 15.0.26430.6
MinimumVisualStudioVersion = 10.0.40219.1
Project("{FAE04EC0-301F-11D3-BF4B-00C04F79EFBC}") = "Abiomed.Console", "Abiomed.Console\Abiomed.Console.csproj", "{D423B70D-EFFE-4663-8C51-E5FD5A1FF5F9}"
EndProject
Project("{FAE04EC0-301F-11D3-BF4B-00C04F79EFBC}") = "Abiomed.RLR.Communications", "Abiomed.CSR.Communications\Abiomed.RLR.Communications.csproj", "{28B0E1D3-612E-4EC5-803D-69ADC2D6A07E}"
EndProject
Project("{FAE04EC0-301F-11D3-BF4B-00C04F79EFBC}") = "Abiomed.Models", "Abiomed.Models\Abiomed.Models.csproj", "{D3662849-0B27-4D08-BFF6-7F1537BCF015}"
EndProject
Project("{FAE04EC0-301F-11D3-BF4B-00C04F79EFBC}") = "Abiomed.Business", "Abiomed.Business\Abiomed.Business.csproj", "{3BA379F9-7E33-4BE6-922C-64B9BE509C12}"
EndProject
Project("{FAE04EC0-301F-11D3-BF4B-00C04F79EFBC}") = "Abiomed.DependencyInjection", "Abiomed.DependencyInjection\Abiomed.DependencyInjection.csproj", "{4BA088F2-D6F0-4632-8A7F-87D6687CFEF0}"
EndProject
Project("{FAE04EC0-301F-11D3-BF4B-00C04F79EFBC}") = "Abiomed.Repository", "Abiomed.Repository\Abiomed.Repository.csproj", "{133ECB86-A3DA-4636-9641-B10B6C8B2431}"
EndProject
Project("{FAE04EC0-301F-11D3-BF4B-00C04F79EFBC}") = "Abiomed.Web", "Abiomed.Web\Abiomed.Web.csproj", "{102846B6-3F10-4784-9F21-4F174F135A6A}"
EndProject
Project("{FAE04EC0-301F-11D3-BF4B-00C04F79EFBC}") = "Abiomed.Communications.Service", "Abiomed.Communications.Service\Abiomed.Communications.Service.csproj", "{063F3003-01E7-446A-969A-062AEE5F4F83}"
EndProject
Project("{FAE04EC0-301F-11D3-BF4B-00C04F79EFBC}") = "Abiomed.RLR.API", "Abiomed.RLR.API\Abiomed.RLR.API.csproj", "{34081798-A789-4F1B-85CC-06B713C9AB0F}"
EndProject
Project("{2150E333-8FDC-42A3-9474-1A3956D46DE8}") = "WEB", "WEB", "{E10884A0-7BE4-419F-9CA9-E74196E1C027}"
EndProject
Project("{2150E333-8FDC-42A3-9474-1A3956D46DE8}") = "Communications", "Communications", "{EE3D7FCB-A9FA-4C96-A0E1-BCE5F139B4AA}"
EndProject
Project("{FAE04EC0-301F-11D3-BF4B-00C04F79EFBC}") = "Abiomed.SignalRSelfHost", "SignalRSelfHost\Abiomed.SignalRSelfHost.csproj", "{EA91F5D0-2C07-48D1-B8A3-204A66BD72C4}"
EndProject
Global
	GlobalSection(SolutionConfigurationPlatforms) = preSolution
		Debug|Any CPU = Debug|Any CPU
		Release|Any CPU = Release|Any CPU
	EndGlobalSection
	GlobalSection(ProjectConfigurationPlatforms) = postSolution
		{D423B70D-EFFE-4663-8C51-E5FD5A1FF5F9}.Debug|Any CPU.ActiveCfg = Debug|Any CPU
		{D423B70D-EFFE-4663-8C51-E5FD5A1FF5F9}.Debug|Any CPU.Build.0 = Debug|Any CPU
		{D423B70D-EFFE-4663-8C51-E5FD5A1FF5F9}.Release|Any CPU.ActiveCfg = Release|Any CPU
		{D423B70D-EFFE-4663-8C51-E5FD5A1FF5F9}.Release|Any CPU.Build.0 = Release|Any CPU
		{28B0E1D3-612E-4EC5-803D-69ADC2D6A07E}.Debug|Any CPU.ActiveCfg = Debug|Any CPU
		{28B0E1D3-612E-4EC5-803D-69ADC2D6A07E}.Debug|Any CPU.Build.0 = Debug|Any CPU
		{28B0E1D3-612E-4EC5-803D-69ADC2D6A07E}.Release|Any CPU.ActiveCfg = Release|Any CPU
		{28B0E1D3-612E-4EC5-803D-69ADC2D6A07E}.Release|Any CPU.Build.0 = Release|Any CPU
		{D3662849-0B27-4D08-BFF6-7F1537BCF015}.Debug|Any CPU.ActiveCfg = Debug|Any CPU
		{D3662849-0B27-4D08-BFF6-7F1537BCF015}.Debug|Any CPU.Build.0 = Debug|Any CPU
		{D3662849-0B27-4D08-BFF6-7F1537BCF015}.Release|Any CPU.ActiveCfg = Release|Any CPU
		{D3662849-0B27-4D08-BFF6-7F1537BCF015}.Release|Any CPU.Build.0 = Release|Any CPU
		{3BA379F9-7E33-4BE6-922C-64B9BE509C12}.Debug|Any CPU.ActiveCfg = Debug|Any CPU
		{3BA379F9-7E33-4BE6-922C-64B9BE509C12}.Debug|Any CPU.Build.0 = Debug|Any CPU
		{3BA379F9-7E33-4BE6-922C-64B9BE509C12}.Release|Any CPU.ActiveCfg = Release|Any CPU
		{3BA379F9-7E33-4BE6-922C-64B9BE509C12}.Release|Any CPU.Build.0 = Release|Any CPU
		{4BA088F2-D6F0-4632-8A7F-87D6687CFEF0}.Debug|Any CPU.ActiveCfg = Debug|Any CPU
		{4BA088F2-D6F0-4632-8A7F-87D6687CFEF0}.Debug|Any CPU.Build.0 = Debug|Any CPU
		{4BA088F2-D6F0-4632-8A7F-87D6687CFEF0}.Release|Any CPU.ActiveCfg = Release|Any CPU
		{4BA088F2-D6F0-4632-8A7F-87D6687CFEF0}.Release|Any CPU.Build.0 = Release|Any CPU
		{133ECB86-A3DA-4636-9641-B10B6C8B2431}.Debug|Any CPU.ActiveCfg = Debug|Any CPU
		{133ECB86-A3DA-4636-9641-B10B6C8B2431}.Debug|Any CPU.Build.0 = Debug|Any CPU
		{133ECB86-A3DA-4636-9641-B10B6C8B2431}.Release|Any CPU.ActiveCfg = Release|Any CPU
		{133ECB86-A3DA-4636-9641-B10B6C8B2431}.Release|Any CPU.Build.0 = Release|Any CPU
		{102846B6-3F10-4784-9F21-4F174F135A6A}.Debug|Any CPU.ActiveCfg = Debug|Any CPU
		{102846B6-3F10-4784-9F21-4F174F135A6A}.Debug|Any CPU.Build.0 = Debug|Any CPU
		{102846B6-3F10-4784-9F21-4F174F135A6A}.Release|Any CPU.ActiveCfg = Release|Any CPU
		{102846B6-3F10-4784-9F21-4F174F135A6A}.Release|Any CPU.Build.0 = Release|Any CPU
		{063F3003-01E7-446A-969A-062AEE5F4F83}.Debug|Any CPU.ActiveCfg = Debug|Any CPU
		{063F3003-01E7-446A-969A-062AEE5F4F83}.Debug|Any CPU.Build.0 = Debug|Any CPU
		{063F3003-01E7-446A-969A-062AEE5F4F83}.Release|Any CPU.ActiveCfg = Release|Any CPU
		{063F3003-01E7-446A-969A-062AEE5F4F83}.Release|Any CPU.Build.0 = Release|Any CPU
		{34081798-A789-4F1B-85CC-06B713C9AB0F}.Debug|Any CPU.ActiveCfg = Debug|Any CPU
		{34081798-A789-4F1B-85CC-06B713C9AB0F}.Debug|Any CPU.Build.0 = Debug|Any CPU
		{34081798-A789-4F1B-85CC-06B713C9AB0F}.Release|Any CPU.ActiveCfg = Release|Any CPU
		{34081798-A789-4F1B-85CC-06B713C9AB0F}.Release|Any CPU.Build.0 = Release|Any CPU
		{EA91F5D0-2C07-48D1-B8A3-204A66BD72C4}.Debug|Any CPU.ActiveCfg = Debug|Any CPU
		{EA91F5D0-2C07-48D1-B8A3-204A66BD72C4}.Debug|Any CPU.Build.0 = Debug|Any CPU
		{EA91F5D0-2C07-48D1-B8A3-204A66BD72C4}.Release|Any CPU.ActiveCfg = Release|Any CPU
		{EA91F5D0-2C07-48D1-B8A3-204A66BD72C4}.Release|Any CPU.Build.0 = Release|Any CPU
	EndGlobalSection
	GlobalSection(SolutionProperties) = preSolution
		HideSolutionNode = FALSE
	EndGlobalSection
	GlobalSection(NestedProjects) = preSolution
		{28B0E1D3-612E-4EC5-803D-69ADC2D6A07E} = {EE3D7FCB-A9FA-4C96-A0E1-BCE5F139B4AA}
		{102846B6-3F10-4784-9F21-4F174F135A6A} = {E10884A0-7BE4-419F-9CA9-E74196E1C027}
		{063F3003-01E7-446A-969A-062AEE5F4F83} = {EE3D7FCB-A9FA-4C96-A0E1-BCE5F139B4AA}
		{34081798-A789-4F1B-85CC-06B713C9AB0F} = {E10884A0-7BE4-419F-9CA9-E74196E1C027}
		{EA91F5D0-2C07-48D1-B8A3-204A66BD72C4} = {E10884A0-7BE4-419F-9CA9-E74196E1C027}
	EndGlobalSection
EndGlobal
